
Microsoft Visual Studio Solution File, Format Version 12.00
# Visual Studio Version 16
VisualStudioVersion = 16.0.31702.278
MinimumVisualStudioVersion = 10.0.40219.1
Project("{FAE04EC0-301F-11D3-BF4B-00C04F79EFBC}") = "Video.Android", "Video.Android\Video.Android.csproj", "{F1C42A54-16DC-4A82-BB86-CBDD67C197FF}"
EndProject
Project("{FAE04EC0-301F-11D3-BF4B-00C04F79EFBC}") = "Video", "Video\Video.csproj", "{5FCA0759-220D-4A33-94A0-8433BA9D62CD}"
EndProject
Global
	GlobalSection(SolutionConfigurationPlatforms) = preSolution
		Debug|Any CPU = Debug|Any CPU
		Release|Any CPU = Release|Any CPU
	EndGlobalSection
	GlobalSection(ProjectConfigurationPlatforms) = postSolution
		{F1C42A54-16DC-4A82-BB86-CBDD67C197FF}.Debug|Any CPU.ActiveCfg = Debug|Any CPU
		{F1C42A54-16DC-4A82-BB86-CBDD67C197FF}.Debug|Any CPU.Build.0 = Debug|Any CPU
		{F1C42A54-16DC-4A82-BB86-CBDD67C197FF}.Debug|Any CPU.Deploy.0 = Debug|Any CPU
		{F1C42A54-16DC-4A82-BB86-CBDD67C197FF}.Release|Any CPU.ActiveCfg = Release|Any CPU
		{F1C42A54-16DC-4A82-BB86-CBDD67C197FF}.Release|Any CPU.Build.0 = Release|Any CPU
		{F1C42A54-16DC-4A82-BB86-CBDD67C197FF}.Release|Any CPU.Deploy.0 = Release|Any CPU
		{5FCA0759-220D-4A33-94A0-8433BA9D62CD}.Debug|Any CPU.ActiveCfg = Debug|Any CPU
		{5FCA0759-220D-4A33-94A0-8433BA9D62CD}.Debug|Any CPU.Build.0 = Debug|Any CPU
		{5FCA0759-220D-4A33-94A0-8433BA9D62CD}.Debug|Any CPU.Deploy.0 = Debug|Any CPU
		{5FCA0759-220D-4A33-94A0-8433BA9D62CD}.Release|Any CPU.ActiveCfg = Release|Any CPU
		{5FCA0759-220D-4A33-94A0-8433BA9D62CD}.Release|Any CPU.Build.0 = Release|Any CPU
		{5FCA0759-220D-4A33-94A0-8433BA9D62CD}.Release|Any CPU.Deploy.0 = Release|Any CPU
	EndGlobalSection
	GlobalSection(SolutionProperties) = preSolution
		HideSolutionNode = FALSE
	EndGlobalSection
	GlobalSection(ExtensibilityGlobals) = postSolution
		SolutionGuid = {A4A6BD99-3937-4B5F-9C69-F891FC91D09F}
	EndGlobalSection
EndGlobal
