
Microsoft Visual Studio Solution File, Format Version 12.00
# Visual Studio Version 16
VisualStudioVersion = 16.0.31702.278
MinimumVisualStudioVersion = 10.0.40219.1
Project("{FAE04EC0-301F-11D3-BF4B-00C04F79EFBC}") = "hillclimer.Android", "hillclimer\hillclimer.Android\hillclimer.Android.csproj", "{1FCA59A4-0B30-4489-97B0-5ED9493FC554}"
EndProject
Project("{FAE04EC0-301F-11D3-BF4B-00C04F79EFBC}") = "hillclimer", "hillclimer\hillclimer\hillclimer.csproj", "{698FD0D4-41B7-4C63-B8B0-CE5ABB018A36}"
EndProject
Global
	GlobalSection(SolutionConfigurationPlatforms) = preSolution
		Debug|Any CPU = Debug|Any CPU
		Release|Any CPU = Release|Any CPU
	EndGlobalSection
	GlobalSection(ProjectConfigurationPlatforms) = postSolution
		{1FCA59A4-0B30-4489-97B0-5ED9493FC554}.Debug|Any CPU.ActiveCfg = Debug|Any CPU
		{1FCA59A4-0B30-4489-97B0-5ED9493FC554}.Debug|Any CPU.Build.0 = Debug|Any CPU
		{1FCA59A4-0B30-4489-97B0-5ED9493FC554}.Debug|Any CPU.Deploy.0 = Debug|Any CPU
		{1FCA59A4-0B30-4489-97B0-5ED9493FC554}.Release|Any CPU.ActiveCfg = Release|Any CPU
		{1FCA59A4-0B30-4489-97B0-5ED9493FC554}.Release|Any CPU.Build.0 = Release|Any CPU
		{1FCA59A4-0B30-4489-97B0-5ED9493FC554}.Release|Any CPU.Deploy.0 = Release|Any CPU
		{698FD0D4-41B7-4C63-B8B0-CE5ABB018A36}.Debug|Any CPU.ActiveCfg = Debug|Any CPU
		{698FD0D4-41B7-4C63-B8B0-CE5ABB018A36}.Debug|Any CPU.Build.0 = Debug|Any CPU
		{698FD0D4-41B7-4C63-B8B0-CE5ABB018A36}.Debug|Any CPU.Deploy.0 = Debug|Any CPU
		{698FD0D4-41B7-4C63-B8B0-CE5ABB018A36}.Release|Any CPU.ActiveCfg = Release|Any CPU
		{698FD0D4-41B7-4C63-B8B0-CE5ABB018A36}.Release|Any CPU.Build.0 = Release|Any CPU
		{698FD0D4-41B7-4C63-B8B0-CE5ABB018A36}.Release|Any CPU.Deploy.0 = Release|Any CPU
	EndGlobalSection
	GlobalSection(SolutionProperties) = preSolution
		HideSolutionNode = FALSE
	EndGlobalSection
	GlobalSection(ExtensibilityGlobals) = postSolution
		SolutionGuid = {971A6254-B13E-4BAA-93CB-AD34C3A66893}
	EndGlobalSection
EndGlobal
