
Microsoft Visual Studio Solution File, Format Version 12.00
# Visual Studio Version 16
VisualStudioVersion = 16.0.31702.278
MinimumVisualStudioVersion = 10.0.40219.1
Project("{9A19103F-16F7-4668-BE54-9A1E7A4F7556}") = "SmartBike-Api", "SmartBike-Api.csproj", "{8943B7F4-3FC7-4579-8E58-ABF910BA85F5}"
EndProject
Global
	GlobalSection(SolutionConfigurationPlatforms) = preSolution
		Debug|Any CPU = Debug|Any CPU
		Release|Any CPU = Release|Any CPU
	EndGlobalSection
	GlobalSection(ProjectConfigurationPlatforms) = postSolution
		{8943B7F4-3FC7-4579-8E58-ABF910BA85F5}.Debug|Any CPU.ActiveCfg = Debug|Any CPU
		{8943B7F4-3FC7-4579-8E58-ABF910BA85F5}.Debug|Any CPU.Build.0 = Debug|Any CPU
		{8943B7F4-3FC7-4579-8E58-ABF910BA85F5}.Release|Any CPU.ActiveCfg = Release|Any CPU
		{8943B7F4-3FC7-4579-8E58-ABF910BA85F5}.Release|Any CPU.Build.0 = Release|Any CPU
	EndGlobalSection
	GlobalSection(SolutionProperties) = preSolution
		HideSolutionNode = FALSE
	EndGlobalSection
	GlobalSection(ExtensibilityGlobals) = postSolution
		SolutionGuid = {70FFD2FD-4586-44E1-9119-EA43A85B3CA5}
	EndGlobalSection
EndGlobal
